// !$*UTF8*$!
{
	archiveVersion = 1;
	classes = {
	};
	objectVersion = 52;
	objects = {

/* Begin PBXBuildFile section */
		EFA50C1D2499406900C7B00C /* SwiftUIFormHelper in Frameworks */ = {isa = PBXBuildFile; productRef = EFA50C1C2499406900C7B00C /* SwiftUIFormHelper */; };
		EFF1BBE6248459D1003D5FF5 /* AppDelegate.swift in Sources */ = {isa = PBXBuildFile; fileRef = EFF1BBE5248459D1003D5FF5 /* AppDelegate.swift */; };
		EFF1BBE8248459D1003D5FF5 /* SceneDelegate.swift in Sources */ = {isa = PBXBuildFile; fileRef = EFF1BBE7248459D1003D5FF5 /* SceneDelegate.swift */; };
		EFF1BBEB248459D1003D5FF5 /* Stockpile.xcdatamodeld in Sources */ = {isa = PBXBuildFile; fileRef = EFF1BBE9248459D1003D5FF5 /* Stockpile.xcdatamodeld */; };
		EFF1BBED248459D1003D5FF5 /* ContentView.swift in Sources */ = {isa = PBXBuildFile; fileRef = EFF1BBEC248459D1003D5FF5 /* ContentView.swift */; };
		EFF1BBEF248459D4003D5FF5 /* Assets.xcassets in Resources */ = {isa = PBXBuildFile; fileRef = EFF1BBEE248459D4003D5FF5 /* Assets.xcassets */; };
		EFF1BBF2248459D4003D5FF5 /* Preview Assets.xcassets in Resources */ = {isa = PBXBuildFile; fileRef = EFF1BBF1248459D4003D5FF5 /* Preview Assets.xcassets */; };
		EFF1BBF5248459D4003D5FF5 /* LaunchScreen.storyboard in Resources */ = {isa = PBXBuildFile; fileRef = EFF1BBF3248459D4003D5FF5 /* LaunchScreen.storyboard */; };
		EFF1BBFD24845BFF003D5FF5 /* StockpileSaving.swift in Sources */ = {isa = PBXBuildFile; fileRef = EFF1BBFC24845BFF003D5FF5 /* StockpileSaving.swift */; };
		EFF1BC012484718B003D5FF5 /* AddNewStockpileSavingView.swift in Sources */ = {isa = PBXBuildFile; fileRef = EFF1BC002484718B003D5FF5 /* AddNewStockpileSavingView.swift */; };
/* End PBXBuildFile section */

/* Begin PBXFileReference section */
		EFF1BBE2248459D1003D5FF5 /* Stockpile.app */ = {isa = PBXFileReference; explicitFileType = wrapper.application; includeInIndex = 0; path = Stockpile.app; sourceTree = BUILT_PRODUCTS_DIR; };
		EFF1BBE5248459D1003D5FF5 /* AppDelegate.swift */ = {isa = PBXFileReference; lastKnownFileType = sourcecode.swift; path = AppDelegate.swift; sourceTree = "<group>"; };
		EFF1BBE7248459D1003D5FF5 /* SceneDelegate.swift */ = {isa = PBXFileReference; lastKnownFileType = sourcecode.swift; path = SceneDelegate.swift; sourceTree = "<group>"; };
		EFF1BBEA248459D1003D5FF5 /* Stockpile.xcdatamodel */ = {isa = PBXFileReference; lastKnownFileType = wrapper.xcdatamodel; path = Stockpile.xcdatamodel; sourceTree = "<group>"; };
		EFF1BBEC248459D1003D5FF5 /* ContentView.swift */ = {isa = PBXFileReference; lastKnownFileType = sourcecode.swift; path = ContentView.swift; sourceTree = "<group>"; };
		EFF1BBEE248459D4003D5FF5 /* Assets.xcassets */ = {isa = PBXFileReference; lastKnownFileType = folder.assetcatalog; path = Assets.xcassets; sourceTree = "<group>"; };
		EFF1BBF1248459D4003D5FF5 /* Preview Assets.xcassets */ = {isa = PBXFileReference; lastKnownFileType = folder.assetcatalog; path = "Preview Assets.xcassets"; sourceTree = "<group>"; };
		EFF1BBF4248459D4003D5FF5 /* Base */ = {isa = PBXFileReference; lastKnownFileType = file.storyboard; name = Base; path = Base.lproj/LaunchScreen.storyboard; sourceTree = "<group>"; };
		EFF1BBF6248459D4003D5FF5 /* Info.plist */ = {isa = PBXFileReference; lastKnownFileType = text.plist.xml; path = Info.plist; sourceTree = "<group>"; };
		EFF1BBFC24845BFF003D5FF5 /* StockpileSaving.swift */ = {isa = PBXFileReference; lastKnownFileType = sourcecode.swift; path = StockpileSaving.swift; sourceTree = "<group>"; };
		EFF1BC002484718B003D5FF5 /* AddNewStockpileSavingView.swift */ = {isa = PBXFileReference; lastKnownFileType = sourcecode.swift; path = AddNewStockpileSavingView.swift; sourceTree = "<group>"; };
/* End PBXFileReference section */

/* Begin PBXFrameworksBuildPhase section */
		EFF1BBDF248459D1003D5FF5 /* Frameworks */ = {
			isa = PBXFrameworksBuildPhase;
			buildActionMask = 2147483647;
			files = (
				EFA50C1D2499406900C7B00C /* SwiftUIFormHelper in Frameworks */,
			);
			runOnlyForDeploymentPostprocessing = 0;
		};
/* End PBXFrameworksBuildPhase section */

/* Begin PBXGroup section */
		EFF1BBD9248459D1003D5FF5 = {
			isa = PBXGroup;
			children = (
				EFF1BBE4248459D1003D5FF5 /* Stockpile */,
				EFF1BBE3248459D1003D5FF5 /* Products */,
			);
			sourceTree = "<group>";
		};
		EFF1BBE3248459D1003D5FF5 /* Products */ = {
			isa = PBXGroup;
			children = (
				EFF1BBE2248459D1003D5FF5 /* Stockpile.app */,
			);
			name = Products;
			sourceTree = "<group>";
		};
		EFF1BBE4248459D1003D5FF5 /* Stockpile */ = {
			isa = PBXGroup;
			children = (
				EFF1BC002484718B003D5FF5 /* AddNewStockpileSavingView.swift */,
				EFF1BBE5248459D1003D5FF5 /* AppDelegate.swift */,
				EFF1BBE7248459D1003D5FF5 /* SceneDelegate.swift */,
				EFF1BBEC248459D1003D5FF5 /* ContentView.swift */,
				EFF1BBEE248459D4003D5FF5 /* Assets.xcassets */,
				EFF1BBF3248459D4003D5FF5 /* LaunchScreen.storyboard */,
				EFF1BBF6248459D4003D5FF5 /* Info.plist */,
				EFF1BBE9248459D1003D5FF5 /* Stockpile.xcdatamodeld */,
				EFF1BBFC24845BFF003D5FF5 /* StockpileSaving.swift */,
				EFF1BBF0248459D4003D5FF5 /* Preview Content */,
			);
			path = Stockpile;
			sourceTree = "<group>";
		};
		EFF1BBF0248459D4003D5FF5 /* Preview Content */ = {
			isa = PBXGroup;
			children = (
				EFF1BBF1248459D4003D5FF5 /* Preview Assets.xcassets */,
			);
			path = "Preview Content";
			sourceTree = "<group>";
		};
/* End PBXGroup section */

/* Begin PBXNativeTarget section */
		EFF1BBE1248459D1003D5FF5 /* Stockpile */ = {
			isa = PBXNativeTarget;
			buildConfigurationList = EFF1BBF9248459D4003D5FF5 /* Build configuration list for PBXNativeTarget "Stockpile" */;
			buildPhases = (
				EFF1BBDE248459D1003D5FF5 /* Sources */,
				EFF1BBDF248459D1003D5FF5 /* Frameworks */,
				EFF1BBE0248459D1003D5FF5 /* Resources */,
			);
			buildRules = (
			);
			dependencies = (
			);
			name = Stockpile;
			packageProductDependencies = (
				EFA50C1C2499406900C7B00C /* SwiftUIFormHelper */,
			);
			productName = Stockpile;
			productReference = EFF1BBE2248459D1003D5FF5 /* Stockpile.app */;
			productType = "com.apple.product-type.application";
		};
/* End PBXNativeTarget section */

/* Begin PBXProject section */
		EFF1BBDA248459D1003D5FF5 /* Project object */ = {
			isa = PBXProject;
			attributes = {
				LastSwiftUpdateCheck = 1150;
				LastUpgradeCheck = 1150;
				ORGANIZATIONNAME = "Taylor Young";
				TargetAttributes = {
					EFF1BBE1248459D1003D5FF5 = {
						CreatedOnToolsVersion = 11.5;
					};
				};
			};
			buildConfigurationList = EFF1BBDD248459D1003D5FF5 /* Build configuration list for PBXProject "Stockpile" */;
			compatibilityVersion = "Xcode 9.3";
			developmentRegion = en;
			hasScannedForEncodings = 0;
			knownRegions = (
				en,
				Base,
			);
			mainGroup = EFF1BBD9248459D1003D5FF5;
			packageReferences = (
				EFA50C1B2499406900C7B00C /* XCRemoteSwiftPackageReference "SwiftUIFormHelper" */,
			);
			productRefGroup = EFF1BBE3248459D1003D5FF5 /* Products */;
			projectDirPath = "";
			projectRoot = "";
			targets = (
				EFF1BBE1248459D1003D5FF5 /* Stockpile */,
			);
		};
/* End PBXProject section */

/* Begin PBXResourcesBuildPhase section */
		EFF1BBE0248459D1003D5FF5 /* Resources */ = {
			isa = PBXResourcesBuildPhase;
			buildActionMask = 2147483647;
			files = (
				EFF1BBF5248459D4003D5FF5 /* LaunchScreen.storyboard in Resources */,
				EFF1BBF2248459D4003D5FF5 /* Preview Assets.xcassets in Resources */,
				EFF1BBEF248459D4003D5FF5 /* Assets.xcassets in Resources */,
			);
			runOnlyForDeploymentPostprocessing = 0;
		};
/* End PBXResourcesBuildPhase section */

/* Begin PBXSourcesBuildPhase section */
		EFF1BBDE248459D1003D5FF5 /* Sources */ = {
			isa = PBXSourcesBuildPhase;
			buildActionMask = 2147483647;
			files = (
				EFF1BBE6248459D1003D5FF5 /* AppDelegate.swift in Sources */,
				EFF1BBE8248459D1003D5FF5 /* SceneDelegate.swift in Sources */,
				EFF1BC012484718B003D5FF5 /* AddNewStockpileSavingView.swift in Sources */,
				EFF1BBED248459D1003D5FF5 /* ContentView.swift in Sources */,
				EFF1BBEB248459D1003D5FF5 /* Stockpile.xcdatamodeld in Sources */,
				EFF1BBFD24845BFF003D5FF5 /* StockpileSaving.swift in Sources */,
			);
			runOnlyForDeploymentPostprocessing = 0;
		};
/* End PBXSourcesBuildPhase section */

/* Begin PBXVariantGroup section */
		EFF1BBF3248459D4003D5FF5 /* LaunchScreen.storyboard */ = {
			isa = PBXVariantGroup;
			children = (
				EFF1BBF4248459D4003D5FF5 /* Base */,
			);
			name = LaunchScreen.storyboard;
			sourceTree = "<group>";
		};
/* End PBXVariantGroup section */

/* Begin XCBuildConfiguration section */
		EFF1BBF7248459D4003D5FF5 /* Debug */ = {
			isa = XCBuildConfiguration;
			buildSettings = {
				ALWAYS_SEARCH_USER_PATHS = NO;
				CLANG_ANALYZER_NONNULL = YES;
				CLANG_ANALYZER_NUMBER_OBJECT_CONVERSION = YES_AGGRESSIVE;
				CLANG_CXX_LANGUAGE_STANDARD = "gnu++14";
				CLANG_CXX_LIBRARY = "libc++";
				CLANG_ENABLE_MODULES = YES;
				CLANG_ENABLE_OBJC_ARC = YES;
				CLANG_ENABLE_OBJC_WEAK = YES;
				CLANG_WARN_BLOCK_CAPTURE_AUTORELEASING = YES;
				CLANG_WARN_BOOL_CONVERSION = YES;
				CLANG_WARN_COMMA = YES;
				CLANG_WARN_CONSTANT_CONVERSION = YES;
				CLANG_WARN_DEPRECATED_OBJC_IMPLEMENTATIONS = YES;
				CLANG_WARN_DIRECT_OBJC_ISA_USAGE = YES_ERROR;
				CLANG_WARN_DOCUMENTATION_COMMENTS = YES;
				CLANG_WARN_EMPTY_BODY = YES;
				CLANG_WARN_ENUM_CONVERSION = YES;
				CLANG_WARN_INFINITE_RECURSION = YES;
				CLANG_WARN_INT_CONVERSION = YES;
				CLANG_WARN_NON_LITERAL_NULL_CONVERSION = YES;
				CLANG_WARN_OBJC_IMPLICIT_RETAIN_SELF = YES;
				CLANG_WARN_OBJC_LITERAL_CONVERSION = YES;
				CLANG_WARN_OBJC_ROOT_CLASS = YES_ERROR;
				CLANG_WARN_RANGE_LOOP_ANALYSIS = YES;
				CLANG_WARN_STRICT_PROTOTYPES = YES;
				CLANG_WARN_SUSPICIOUS_MOVE = YES;
				CLANG_WARN_UNGUARDED_AVAILABILITY = YES_AGGRESSIVE;
				CLANG_WARN_UNREACHABLE_CODE = YES;
				CLANG_WARN__DUPLICATE_METHOD_MATCH = YES;
				COPY_PHASE_STRIP = NO;
				DEBUG_INFORMATION_FORMAT = dwarf;
				ENABLE_STRICT_OBJC_MSGSEND = YES;
				ENABLE_TESTABILITY = YES;
				GCC_C_LANGUAGE_STANDARD = gnu11;
				GCC_DYNAMIC_NO_PIC = NO;
				GCC_NO_COMMON_BLOCKS = YES;
				GCC_OPTIMIZATION_LEVEL = 0;
				GCC_PREPROCESSOR_DEFINITIONS = (
					"DEBUG=1",
					"$(inherited)",
				);
				GCC_WARN_64_TO_32_BIT_CONVERSION = YES;
				GCC_WARN_ABOUT_RETURN_TYPE = YES_ERROR;
				GCC_WARN_UNDECLARED_SELECTOR = YES;
				GCC_WARN_UNINITIALIZED_AUTOS = YES_AGGRESSIVE;
				GCC_WARN_UNUSED_FUNCTION = YES;
				GCC_WARN_UNUSED_VARIABLE = YES;
				IPHONEOS_DEPLOYMENT_TARGET = 13.5;
				MTL_ENABLE_DEBUG_INFO = INCLUDE_SOURCE;
				MTL_FAST_MATH = YES;
				ONLY_ACTIVE_ARCH = YES;
				SDKROOT = iphoneos;
				SWIFT_ACTIVE_COMPILATION_CONDITIONS = DEBUG;
				SWIFT_OPTIMIZATION_LEVEL = "-Onone";
			};
			name = Debug;
		};
		EFF1BBF8248459D4003D5FF5 /* Release */ = {
			isa = XCBuildConfiguration;
			buildSettings = {
				ALWAYS_SEARCH_USER_PATHS = NO;
				CLANG_ANALYZER_NONNULL = YES;
				CLANG_ANALYZER_NUMBER_OBJECT_CONVERSION = YES_AGGRESSIVE;
				CLANG_CXX_LANGUAGE_STANDARD = "gnu++14";
				CLANG_CXX_LIBRARY = "libc++";
				CLANG_ENABLE_MODULES = YES;
				CLANG_ENABLE_OBJC_ARC = YES;
				CLANG_ENABLE_OBJC_WEAK = YES;
				CLANG_WARN_BLOCK_CAPTURE_AUTORELEASING = YES;
				CLANG_WARN_BOOL_CONVERSION = YES;
				CLANG_WARN_COMMA = YES;
				CLANG_WARN_CONSTANT_CONVERSION = YES;
				CLANG_WARN_DEPRECATED_OBJC_IMPLEMENTATIONS = YES;
				CLANG_WARN_DIRECT_OBJC_ISA_USAGE = YES_ERROR;
				CLANG_WARN_DOCUMENTATION_COMMENTS = YES;
				CLANG_WARN_EMPTY_BODY = YES;
				CLANG_WARN_ENUM_CONVERSION = YES;
				CLANG_WARN_INFINITE_RECURSION = YES;
				CLANG_WARN_INT_CONVERSION = YES;
				CLANG_WARN_NON_LITERAL_NULL_CONVERSION = YES;
				CLANG_WARN_OBJC_IMPLICIT_RETAIN_SELF = YES;
				CLANG_WARN_OBJC_LITERAL_CONVERSION = YES;
				CLANG_WARN_OBJC_ROOT_CLASS = YES_ERROR;
				CLANG_WARN_RANGE_LOOP_ANALYSIS = YES;
				CLANG_WARN_STRICT_PROTOTYPES = YES;
				CLANG_WARN_SUSPICIOUS_MOVE = YES;
				CLANG_WARN_UNGUARDED_AVAILABILITY = YES_AGGRESSIVE;
				CLANG_WARN_UNREACHABLE_CODE = YES;
				CLANG_WARN__DUPLICATE_METHOD_MATCH = YES;
				COPY_PHASE_STRIP = NO;
				DEBUG_INFORMATION_FORMAT = "dwarf-with-dsym";
				ENABLE_NS_ASSERTIONS = NO;
				ENABLE_STRICT_OBJC_MSGSEND = YES;
				GCC_C_LANGUAGE_STANDARD = gnu11;
				GCC_NO_COMMON_BLOCKS = YES;
				GCC_WARN_64_TO_32_BIT_CONVERSION = YES;
				GCC_WARN_ABOUT_RETURN_TYPE = YES_ERROR;
				GCC_WARN_UNDECLARED_SELECTOR = YES;
				GCC_WARN_UNINITIALIZED_AUTOS = YES_AGGRESSIVE;
				GCC_WARN_UNUSED_FUNCTION = YES;
				GCC_WARN_UNUSED_VARIABLE = YES;
				IPHONEOS_DEPLOYMENT_TARGET = 13.5;
				MTL_ENABLE_DEBUG_INFO = NO;
				MTL_FAST_MATH = YES;
				SDKROOT = iphoneos;
				SWIFT_COMPILATION_MODE = wholemodule;
				SWIFT_OPTIMIZATION_LEVEL = "-O";
				VALIDATE_PRODUCT = YES;
			};
			name = Release;
		};
		EFF1BBFA248459D4003D5FF5 /* Debug */ = {
			isa = XCBuildConfiguration;
			buildSettings = {
				ASSETCATALOG_COMPILER_APPICON_NAME = AppIcon;
				CODE_SIGN_STYLE = Automatic;
				DEVELOPMENT_ASSET_PATHS = "\"Stockpile/Preview Content\"";
				DEVELOPMENT_TEAM = 6JTMH9S5KE;
				ENABLE_PREVIEWS = YES;
				INFOPLIST_FILE = Stockpile/Info.plist;
				IPHONEOS_DEPLOYMENT_TARGET = 13.0;
				LD_RUNPATH_SEARCH_PATHS = (
					"$(inherited)",
					"@executable_path/Frameworks",
				);
				PRODUCT_BUNDLE_IDENTIFIER = "io.github.taylor-young0.Stockpile";
				PRODUCT_NAME = "$(TARGET_NAME)";
				SWIFT_VERSION = 5.0;
				TARGETED_DEVICE_FAMILY = "1,2";
			};
			name = Debug;
		};
		EFF1BBFB248459D4003D5FF5 /* Release */ = {
			isa = XCBuildConfiguration;
			buildSettings = {
				ASSETCATALOG_COMPILER_APPICON_NAME = AppIcon;
				CODE_SIGN_STYLE = Automatic;
				DEVELOPMENT_ASSET_PATHS = "\"Stockpile/Preview Content\"";
				DEVELOPMENT_TEAM = 6JTMH9S5KE;
				ENABLE_PREVIEWS = YES;
				INFOPLIST_FILE = Stockpile/Info.plist;
				IPHONEOS_DEPLOYMENT_TARGET = 13.0;
				LD_RUNPATH_SEARCH_PATHS = (
					"$(inherited)",
					"@executable_path/Frameworks",
				);
				PRODUCT_BUNDLE_IDENTIFIER = "io.github.taylor-young0.Stockpile";
				PRODUCT_NAME = "$(TARGET_NAME)";
				SWIFT_VERSION = 5.0;
				TARGETED_DEVICE_FAMILY = "1,2";
			};
			name = Release;
		};
/* End XCBuildConfiguration section */

/* Begin XCConfigurationList section */
		EFF1BBDD248459D1003D5FF5 /* Build configuration list for PBXProject "Stockpile" */ = {
			isa = XCConfigurationList;
			buildConfigurations = (
				EFF1BBF7248459D4003D5FF5 /* Debug */,
				EFF1BBF8248459D4003D5FF5 /* Release */,
			);
			defaultConfigurationIsVisible = 0;
			defaultConfigurationName = Release;
		};
		EFF1BBF9248459D4003D5FF5 /* Build configuration list for PBXNativeTarget "Stockpile" */ = {
			isa = XCConfigurationList;
			buildConfigurations = (
				EFF1BBFA248459D4003D5FF5 /* Debug */,
				EFF1BBFB248459D4003D5FF5 /* Release */,
			);
			defaultConfigurationIsVisible = 0;
			defaultConfigurationName = Release;
		};
/* End XCConfigurationList section */

/* Begin XCRemoteSwiftPackageReference section */
		EFA50C1B2499406900C7B00C /* XCRemoteSwiftPackageReference "SwiftUIFormHelper" */ = {
			isa = XCRemoteSwiftPackageReference;
			repositoryURL = "https://github.com/jeroenzonneveld/SwiftUIFormHelper";
			requirement = {
				kind = upToNextMajorVersion;
				minimumVersion = 1.2.0;
			};
		};
/* End XCRemoteSwiftPackageReference section */

/* Begin XCSwiftPackageProductDependency section */
		EFA50C1C2499406900C7B00C /* SwiftUIFormHelper */ = {
			isa = XCSwiftPackageProductDependency;
			package = EFA50C1B2499406900C7B00C /* XCRemoteSwiftPackageReference "SwiftUIFormHelper" */;
			productName = SwiftUIFormHelper;
		};
/* End XCSwiftPackageProductDependency section */

/* Begin XCVersionGroup section */
		EFF1BBE9248459D1003D5FF5 /* Stockpile.xcdatamodeld */ = {
			isa = XCVersionGroup;
			children = (
				EFF1BBEA248459D1003D5FF5 /* Stockpile.xcdatamodel */,
			);
			currentVersion = EFF1BBEA248459D1003D5FF5 /* Stockpile.xcdatamodel */;
			path = Stockpile.xcdatamodeld;
			sourceTree = "<group>";
			versionGroupType = wrapper.xcdatamodel;
		};
/* End XCVersionGroup section */
	};
	rootObject = EFF1BBDA248459D1003D5FF5 /* Project object */;
}
